// !$*UTF8*$!
{
	archiveVersion = 1;
	classes = {
	};
	objectVersion = 55;
	objects = {

/* Begin PBXBuildFile section */
		4161D7CE27A371FA00191C83 /* AppDelegate.swift in Sources */ = {isa = PBXBuildFile; fileRef = 4161D7CD27A371FA00191C83 /* AppDelegate.swift */; };
		4161D7D027A371FA00191C83 /* GameScene.sks in Resources */ = {isa = PBXBuildFile; fileRef = 4161D7CF27A371FA00191C83 /* GameScene.sks */; };
		4161D7D227A371FA00191C83 /* Actions.sks in Resources */ = {isa = PBXBuildFile; fileRef = 4161D7D127A371FA00191C83 /* Actions.sks */; };
		4161D7D427A371FA00191C83 /* GameScene.swift in Sources */ = {isa = PBXBuildFile; fileRef = 4161D7D327A371FA00191C83 /* GameScene.swift */; };
		4161D7D627A371FA00191C83 /* GameViewController.swift in Sources */ = {isa = PBXBuildFile; fileRef = 4161D7D527A371FA00191C83 /* GameViewController.swift */; };
		4161D7D927A371FA00191C83 /* Main.storyboard in Resources */ = {isa = PBXBuildFile; fileRef = 4161D7D727A371FA00191C83 /* Main.storyboard */; };
		4161D7DB27A371FD00191C83 /* Assets.xcassets in Resources */ = {isa = PBXBuildFile; fileRef = 4161D7DA27A371FD00191C83 /* Assets.xcassets */; };
		4161D7DE27A371FD00191C83 /* LaunchScreen.storyboard in Resources */ = {isa = PBXBuildFile; fileRef = 4161D7DC27A371FD00191C83 /* LaunchScreen.storyboard */; };
		4161D7E827A371FD00191C83 /* NanoBusinessMechanicsTests.swift in Sources */ = {isa = PBXBuildFile; fileRef = 4161D7E727A371FD00191C83 /* NanoBusinessMechanicsTests.swift */; };
		4161D7F227A371FE00191C83 /* NanoBusinessMechanicsUITests.swift in Sources */ = {isa = PBXBuildFile; fileRef = 4161D7F127A371FE00191C83 /* NanoBusinessMechanicsUITests.swift */; };
		4161D7F427A371FE00191C83 /* NanoBusinessMechanicsUITestsLaunchTests.swift in Sources */ = {isa = PBXBuildFile; fileRef = 4161D7F327A371FE00191C83 /* NanoBusinessMechanicsUITestsLaunchTests.swift */; };
		4161D80127A3757200191C83 /* Player.swift in Sources */ = {isa = PBXBuildFile; fileRef = 4161D80027A3757200191C83 /* Player.swift */; };
		4161D80427A3759200191C83 /* Piece.swift in Sources */ = {isa = PBXBuildFile; fileRef = 4161D80327A3759200191C83 /* Piece.swift */; };
		4161D80827A3A64F00191C83 /* Base.swift in Sources */ = {isa = PBXBuildFile; fileRef = 4161D80727A3A64E00191C83 /* Base.swift */; };
		4161D80A27A3AD6200191C83 /* SpriteKit+.swift in Sources */ = {isa = PBXBuildFile; fileRef = 4161D80927A3AD6200191C83 /* SpriteKit+.swift */; };
		416ABA4527B20FB400CA9A83 /* AnalyticsManager.swift in Sources */ = {isa = PBXBuildFile; fileRef = 416ABA4427B20FB400CA9A83 /* AnalyticsManager.swift */; };
		416ABA4727B2127800CA9A83 /* SampleClass.swift in Sources */ = {isa = PBXBuildFile; fileRef = 416ABA4627B2127800CA9A83 /* SampleClass.swift */; };
		41815EF927B0A6CF00D5ACA5 /* Cat.swift in Sources */ = {isa = PBXBuildFile; fileRef = 41815EF827B0A6CF00D5ACA5 /* Cat.swift */; };
		41815EFD27B0A74E00D5ACA5 /* Potion.swift in Sources */ = {isa = PBXBuildFile; fileRef = 41815EFC27B0A74E00D5ACA5 /* Potion.swift */; };
		41815EFF27B1D47D00D5ACA5 /* GoogleService-Info.plist in Resources */ = {isa = PBXBuildFile; fileRef = 41815EFE27B1D47D00D5ACA5 /* GoogleService-Info.plist */; };
		41842E4E27A72AE50092EF03 /* LevelViewController.swift in Sources */ = {isa = PBXBuildFile; fileRef = 41842E4D27A72AE50092EF03 /* LevelViewController.swift */; };
		41842E5027A72CDB0092EF03 /* Configurations.swift in Sources */ = {isa = PBXBuildFile; fileRef = 41842E4F27A72CDB0092EF03 /* Configurations.swift */; };
		41842E5227A736360092EF03 /* LevelCollectionViewCell.swift in Sources */ = {isa = PBXBuildFile; fileRef = 41842E5127A736360092EF03 /* LevelCollectionViewCell.swift */; };
		41E6558927A9BD4000466D06 /* TileMapScene.sks in Resources */ = {isa = PBXBuildFile; fileRef = 41E6558827A9BD4000466D06 /* TileMapScene.sks */; };
		41E6558B27A9BFC000466D06 /* TileSet.sks in Resources */ = {isa = PBXBuildFile; fileRef = 41E6558A27A9BFC000466D06 /* TileSet.sks */; };
		41E6558D27AA3D6500466D06 /* PieceFactory.swift in Sources */ = {isa = PBXBuildFile; fileRef = 41E6558C27AA3D6500466D06 /* PieceFactory.swift */; };
		41E6558F27AA40D400466D06 /* PieceNode.swift in Sources */ = {isa = PBXBuildFile; fileRef = 41E6558E27AA40D400466D06 /* PieceNode.swift */; };
		41E6559427AB51FE00466D06 /* GameCenterManager.swift in Sources */ = {isa = PBXBuildFile; fileRef = 41E6559327AB51FD00466D06 /* GameCenterManager.swift */; };
		41E6559627AB7A5E00466D06 /* Grid.swift in Sources */ = {isa = PBXBuildFile; fileRef = 41E6559527AB7A5E00466D06 /* Grid.swift */; };
		41E6559827AC4FD700466D06 /* GameCenterViewController.swift in Sources */ = {isa = PBXBuildFile; fileRef = 41E6559727AC4FD700466D06 /* GameCenterViewController.swift */; };
		C791BB91B66190B37DBADB0C /* Pods_WOR___Witch_On_Rescue.framework in Frameworks */ = {isa = PBXBuildFile; fileRef = 48BE499C75446687DE6B8DC3 /* Pods_WOR___Witch_On_Rescue.framework */; };
		E8AE49F827AD99EF00943F0E /* StartViewController.swift in Sources */ = {isa = PBXBuildFile; fileRef = E8AE49F727AD99EF00943F0E /* StartViewController.swift */; };
		E8AE49FA27AD99FF00943F0E /* GameOverViewController.swift in Sources */ = {isa = PBXBuildFile; fileRef = E8AE49F927AD99FF00943F0E /* GameOverViewController.swift */; };
/* End PBXBuildFile section */

/* Begin PBXContainerItemProxy section */
		4161D7E427A371FD00191C83 /* PBXContainerItemProxy */ = {
			isa = PBXContainerItemProxy;
			containerPortal = 4161D7C227A371F900191C83 /* Project object */;
			proxyType = 1;
			remoteGlobalIDString = 4161D7C927A371F900191C83;
			remoteInfo = NanoBusinessMechanics;
		};
		4161D7EE27A371FE00191C83 /* PBXContainerItemProxy */ = {
			isa = PBXContainerItemProxy;
			containerPortal = 4161D7C227A371F900191C83 /* Project object */;
			proxyType = 1;
			remoteGlobalIDString = 4161D7C927A371F900191C83;
			remoteInfo = NanoBusinessMechanics;
		};
/* End PBXContainerItemProxy section */

/* Begin PBXFileReference section */
		4161D7CA27A371FA00191C83 /* WOR - Witch On Rescue .app */ = {isa = PBXFileReference; explicitFileType = wrapper.application; includeInIndex = 0; path = "WOR - Witch On Rescue .app"; sourceTree = BUILT_PRODUCTS_DIR; };
		4161D7CD27A371FA00191C83 /* AppDelegate.swift */ = {isa = PBXFileReference; lastKnownFileType = sourcecode.swift; path = AppDelegate.swift; sourceTree = "<group>"; };
		4161D7CF27A371FA00191C83 /* GameScene.sks */ = {isa = PBXFileReference; lastKnownFileType = file.sks; path = GameScene.sks; sourceTree = "<group>"; };
		4161D7D127A371FA00191C83 /* Actions.sks */ = {isa = PBXFileReference; lastKnownFileType = file.sks; path = Actions.sks; sourceTree = "<group>"; };
		4161D7D327A371FA00191C83 /* GameScene.swift */ = {isa = PBXFileReference; lastKnownFileType = sourcecode.swift; path = GameScene.swift; sourceTree = "<group>"; };
		4161D7D527A371FA00191C83 /* GameViewController.swift */ = {isa = PBXFileReference; lastKnownFileType = sourcecode.swift; path = GameViewController.swift; sourceTree = "<group>"; };
		4161D7D827A371FA00191C83 /* Base */ = {isa = PBXFileReference; lastKnownFileType = file.storyboard; name = Base; path = Base.lproj/Main.storyboard; sourceTree = "<group>"; };
		4161D7DA27A371FD00191C83 /* Assets.xcassets */ = {isa = PBXFileReference; lastKnownFileType = folder.assetcatalog; path = Assets.xcassets; sourceTree = "<group>"; };
		4161D7DD27A371FD00191C83 /* Base */ = {isa = PBXFileReference; lastKnownFileType = file.storyboard; name = Base; path = Base.lproj/LaunchScreen.storyboard; sourceTree = "<group>"; };
		4161D7E327A371FD00191C83 /* WOR - Witch On RescueTests.xctest */ = {isa = PBXFileReference; explicitFileType = wrapper.cfbundle; includeInIndex = 0; path = "WOR - Witch On RescueTests.xctest"; sourceTree = BUILT_PRODUCTS_DIR; };
		4161D7E727A371FD00191C83 /* NanoBusinessMechanicsTests.swift */ = {isa = PBXFileReference; lastKnownFileType = sourcecode.swift; path = NanoBusinessMechanicsTests.swift; sourceTree = "<group>"; };
		4161D7ED27A371FE00191C83 /* WOR - Witch On RescueUITests.xctest */ = {isa = PBXFileReference; explicitFileType = wrapper.cfbundle; includeInIndex = 0; path = "WOR - Witch On RescueUITests.xctest"; sourceTree = BUILT_PRODUCTS_DIR; };
		4161D7F127A371FE00191C83 /* NanoBusinessMechanicsUITests.swift */ = {isa = PBXFileReference; lastKnownFileType = sourcecode.swift; path = NanoBusinessMechanicsUITests.swift; sourceTree = "<group>"; };
		4161D7F327A371FE00191C83 /* NanoBusinessMechanicsUITestsLaunchTests.swift */ = {isa = PBXFileReference; lastKnownFileType = sourcecode.swift; path = NanoBusinessMechanicsUITestsLaunchTests.swift; sourceTree = "<group>"; };
		4161D80027A3757200191C83 /* Player.swift */ = {isa = PBXFileReference; lastKnownFileType = sourcecode.swift; path = Player.swift; sourceTree = "<group>"; };
		4161D80327A3759200191C83 /* Piece.swift */ = {isa = PBXFileReference; lastKnownFileType = sourcecode.swift; path = Piece.swift; sourceTree = "<group>"; };
		4161D80727A3A64E00191C83 /* Base.swift */ = {isa = PBXFileReference; lastKnownFileType = sourcecode.swift; path = Base.swift; sourceTree = "<group>"; };
		4161D80927A3AD6200191C83 /* SpriteKit+.swift */ = {isa = PBXFileReference; lastKnownFileType = sourcecode.swift; path = "SpriteKit+.swift"; sourceTree = "<group>"; };
		416ABA2827B1FEEA00CA9A83 /* FirebaseAnalytics.xcframework */ = {isa = PBXFileReference; lastKnownFileType = wrapper.xcframework; name = FirebaseAnalytics.xcframework; path = Pods/FirebaseAnalytics/Frameworks/FirebaseAnalytics.xcframework; sourceTree = "<group>"; };
		416ABA2A27B1FEEA00CA9A83 /* FirebaseCore.framework */ = {isa = PBXFileReference; explicitFileType = wrapper.framework; path = FirebaseCore.framework; sourceTree = BUILT_PRODUCTS_DIR; };
		416ABA2C27B1FEEA00CA9A83 /* FirebaseCoreDiagnostics.framework */ = {isa = PBXFileReference; explicitFileType = wrapper.framework; path = FirebaseCoreDiagnostics.framework; sourceTree = BUILT_PRODUCTS_DIR; };
		416ABA2E27B1FEEA00CA9A83 /* FirebaseCrashlytics.framework */ = {isa = PBXFileReference; explicitFileType = wrapper.framework; path = FirebaseCrashlytics.framework; sourceTree = BUILT_PRODUCTS_DIR; };
		416ABA3027B1FEEA00CA9A83 /* FirebaseInstallations.framework */ = {isa = PBXFileReference; explicitFileType = wrapper.framework; path = FirebaseInstallations.framework; sourceTree = BUILT_PRODUCTS_DIR; };
		416ABA3227B1FEEA00CA9A83 /* GoogleAppMeasurement.xcframework */ = {isa = PBXFileReference; lastKnownFileType = wrapper.xcframework; name = GoogleAppMeasurement.xcframework; path = Pods/GoogleAppMeasurement/Frameworks/GoogleAppMeasurement.xcframework; sourceTree = "<group>"; };
		416ABA3427B1FEEA00CA9A83 /* GoogleAppMeasurementIdentitySupport.xcframework */ = {isa = PBXFileReference; lastKnownFileType = wrapper.xcframework; name = GoogleAppMeasurementIdentitySupport.xcframework; path = Pods/GoogleAppMeasurement/Frameworks/GoogleAppMeasurementIdentitySupport.xcframework; sourceTree = "<group>"; };
		416ABA3627B1FEEA00CA9A83 /* GoogleDataTransport.framework */ = {isa = PBXFileReference; explicitFileType = wrapper.framework; path = GoogleDataTransport.framework; sourceTree = BUILT_PRODUCTS_DIR; };
		416ABA3827B1FEEA00CA9A83 /* GoogleMobileAds.xcframework */ = {isa = PBXFileReference; lastKnownFileType = wrapper.xcframework; name = GoogleMobileAds.xcframework; path = "Pods/Google-Mobile-Ads-SDK/Frameworks/GoogleMobileAdsFramework-Current/GoogleMobileAds.xcframework"; sourceTree = "<group>"; };
		416ABA3A27B1FEEA00CA9A83 /* GoogleUtilities.framework */ = {isa = PBXFileReference; explicitFileType = wrapper.framework; path = GoogleUtilities.framework; sourceTree = BUILT_PRODUCTS_DIR; };
		416ABA3C27B1FEEA00CA9A83 /* nanopb.framework */ = {isa = PBXFileReference; explicitFileType = wrapper.framework; path = nanopb.framework; sourceTree = BUILT_PRODUCTS_DIR; };
		416ABA3E27B1FEEA00CA9A83 /* Pods_WOR___Witch_On_RescueTests.framework */ = {isa = PBXFileReference; explicitFileType = wrapper.framework; path = "Pods_WOR___Witch_On_RescueTests.framework"; sourceTree = BUILT_PRODUCTS_DIR; };
		416ABA4027B1FEEA00CA9A83 /* FBLPromises.framework */ = {isa = PBXFileReference; explicitFileType = wrapper.framework; path = FBLPromises.framework; sourceTree = BUILT_PRODUCTS_DIR; };
		416ABA4227B1FEEA00CA9A83 /* UserMessagingPlatform.xcframework */ = {isa = PBXFileReference; lastKnownFileType = wrapper.xcframework; name = UserMessagingPlatform.xcframework; path = Pods/GoogleUserMessagingPlatform/Frameworks/Release/UserMessagingPlatform.xcframework; sourceTree = "<group>"; };
		416ABA4427B20FB400CA9A83 /* AnalyticsManager.swift */ = {isa = PBXFileReference; lastKnownFileType = sourcecode.swift; path = AnalyticsManager.swift; sourceTree = "<group>"; };
		416ABA4627B2127800CA9A83 /* SampleClass.swift */ = {isa = PBXFileReference; lastKnownFileType = sourcecode.swift; path = SampleClass.swift; sourceTree = "<group>"; };
		41815EF827B0A6CF00D5ACA5 /* Cat.swift */ = {isa = PBXFileReference; lastKnownFileType = sourcecode.swift; path = Cat.swift; sourceTree = "<group>"; };
		41815EFC27B0A74E00D5ACA5 /* Potion.swift */ = {isa = PBXFileReference; lastKnownFileType = sourcecode.swift; path = Potion.swift; sourceTree = "<group>"; };
		41815EFE27B1D47D00D5ACA5 /* GoogleService-Info.plist */ = {isa = PBXFileReference; fileEncoding = 4; lastKnownFileType = text.plist.xml; path = "GoogleService-Info.plist"; sourceTree = "<group>"; };
		41842E4D27A72AE50092EF03 /* LevelViewController.swift */ = {isa = PBXFileReference; lastKnownFileType = sourcecode.swift; path = LevelViewController.swift; sourceTree = "<group>"; };
		41842E4F27A72CDB0092EF03 /* Configurations.swift */ = {isa = PBXFileReference; lastKnownFileType = sourcecode.swift; path = Configurations.swift; sourceTree = "<group>"; };
		41842E5127A736360092EF03 /* LevelCollectionViewCell.swift */ = {isa = PBXFileReference; lastKnownFileType = sourcecode.swift; path = LevelCollectionViewCell.swift; sourceTree = "<group>"; };
		41E6558827A9BD4000466D06 /* TileMapScene.sks */ = {isa = PBXFileReference; lastKnownFileType = file.sks; path = TileMapScene.sks; sourceTree = "<group>"; };
		41E6558A27A9BFC000466D06 /* TileSet.sks */ = {isa = PBXFileReference; lastKnownFileType = file.sks; path = TileSet.sks; sourceTree = "<group>"; };
		41E6558C27AA3D6500466D06 /* PieceFactory.swift */ = {isa = PBXFileReference; lastKnownFileType = sourcecode.swift; path = PieceFactory.swift; sourceTree = "<group>"; };
		41E6558E27AA40D400466D06 /* PieceNode.swift */ = {isa = PBXFileReference; lastKnownFileType = sourcecode.swift; path = PieceNode.swift; sourceTree = "<group>"; };
		41E6559327AB51FD00466D06 /* GameCenterManager.swift */ = {isa = PBXFileReference; lastKnownFileType = sourcecode.swift; path = GameCenterManager.swift; sourceTree = "<group>"; };
		41E6559527AB7A5E00466D06 /* Grid.swift */ = {isa = PBXFileReference; lastKnownFileType = sourcecode.swift; path = Grid.swift; sourceTree = "<group>"; };
		41E6559727AC4FD700466D06 /* GameCenterViewController.swift */ = {isa = PBXFileReference; lastKnownFileType = sourcecode.swift; path = GameCenterViewController.swift; sourceTree = "<group>"; };
		48BE499C75446687DE6B8DC3 /* Pods_WOR___Witch_On_Rescue.framework */ = {isa = PBXFileReference; explicitFileType = wrapper.framework; includeInIndex = 0; path = "Pods_WOR___Witch_On_Rescue.framework"; sourceTree = BUILT_PRODUCTS_DIR; };
		894BAFF722D1E45F3E4465B3 /* Pods-WOR - Witch On Rescue.release.xcconfig */ = {isa = PBXFileReference; includeInIndex = 1; lastKnownFileType = text.xcconfig; name = "Pods-WOR - Witch On Rescue.release.xcconfig"; path = "Target Support Files/Pods-WOR - Witch On Rescue/Pods-WOR - Witch On Rescue.release.xcconfig"; sourceTree = "<group>"; };
		E8AE49F727AD99EF00943F0E /* StartViewController.swift */ = {isa = PBXFileReference; lastKnownFileType = sourcecode.swift; path = StartViewController.swift; sourceTree = "<group>"; };
		E8AE49F927AD99FF00943F0E /* GameOverViewController.swift */ = {isa = PBXFileReference; lastKnownFileType = sourcecode.swift; path = GameOverViewController.swift; sourceTree = "<group>"; };
		EDBB22CC8C4DE4017385F819 /* Pods-WOR - Witch On Rescue.debug.xcconfig */ = {isa = PBXFileReference; includeInIndex = 1; lastKnownFileType = text.xcconfig; name = "Pods-WOR - Witch On Rescue.debug.xcconfig"; path = "Target Support Files/Pods-WOR - Witch On Rescue/Pods-WOR - Witch On Rescue.debug.xcconfig"; sourceTree = "<group>"; };
/* End PBXFileReference section */

/* Begin PBXFrameworksBuildPhase section */
		4161D7C727A371F900191C83 /* Frameworks */ = {
			isa = PBXFrameworksBuildPhase;
			buildActionMask = 2147483647;
			files = (
				C791BB91B66190B37DBADB0C /* Pods_WOR___Witch_On_Rescue.framework in Frameworks */,
			);
			runOnlyForDeploymentPostprocessing = 0;
		};
		4161D7E027A371FD00191C83 /* Frameworks */ = {
			isa = PBXFrameworksBuildPhase;
			buildActionMask = 2147483647;
			files = (
			);
			runOnlyForDeploymentPostprocessing = 0;
		};
		4161D7EA27A371FE00191C83 /* Frameworks */ = {
			isa = PBXFrameworksBuildPhase;
			buildActionMask = 2147483647;
			files = (
			);
			runOnlyForDeploymentPostprocessing = 0;
		};
/* End PBXFrameworksBuildPhase section */

/* Begin PBXGroup section */
		4161D7C127A371F900191C83 = {
			isa = PBXGroup;
			children = (
				416ABA4427B20FB400CA9A83 /* AnalyticsManager.swift */,
				4161D7CC27A371FA00191C83 /* WOR - Witch On Rescue */,
				4161D7E627A371FD00191C83 /* NanoBusinessMechanicsTests */,
				4161D7F027A371FE00191C83 /* NanoBusinessMechanicsUITests */,
				4161D7CB27A371FA00191C83 /* Products */,
				535F9FC2328D8004D40A4D7D /* Pods */,
				D2E5EC103972E7BC3103319E /* Frameworks */,
			);
			sourceTree = "<group>";
		};
		4161D7CB27A371FA00191C83 /* Products */ = {
			isa = PBXGroup;
			children = (
				4161D7CA27A371FA00191C83 /* WOR - Witch On Rescue .app */,
				4161D7E327A371FD00191C83 /* WOR - Witch On RescueTests.xctest */,
				4161D7ED27A371FE00191C83 /* WOR - Witch On RescueUITests.xctest */,
			);
			name = Products;
			sourceTree = "<group>";
		};
		4161D7CC27A371FA00191C83 /* WOR - Witch On Rescue */ = {
			isa = PBXGroup;
			children = (
				4161D7CD27A371FA00191C83 /* AppDelegate.swift */,
				4161D7CF27A371FA00191C83 /* GameScene.sks */,
				4161D7D127A371FA00191C83 /* Actions.sks */,
				41E6558827A9BD4000466D06 /* TileMapScene.sks */,
				41E6558A27A9BFC000466D06 /* TileSet.sks */,
				4161D7D727A371FA00191C83 /* Main.storyboard */,
				41E6559327AB51FD00466D06 /* GameCenterManager.swift */,
				4161D7D327A371FA00191C83 /* GameScene.swift */,
				41842E4F27A72CDB0092EF03 /* Configurations.swift */,
				4161D80927A3AD6200191C83 /* SpriteKit+.swift */,
				41E6559127AAFE2E00466D06 /* Model */,
				41E6559027AAFDF800466D06 /* Controller */,
				41E6559227AAFE7E00466D06 /* Collection */,
				4161D7DA27A371FD00191C83 /* Assets.xcassets */,
				41815EFE27B1D47D00D5ACA5 /* GoogleService-Info.plist */,
				4161D7DC27A371FD00191C83 /* LaunchScreen.storyboard */,
				416ABA4627B2127800CA9A83 /* SampleClass.swift */,
			);
			path = "WOR - Witch On Rescue";
			sourceTree = "<group>";
		};
		4161D7E627A371FD00191C83 /* NanoBusinessMechanicsTests */ = {
			isa = PBXGroup;
			children = (
				4161D7E727A371FD00191C83 /* NanoBusinessMechanicsTests.swift */,
			);
			path = NanoBusinessMechanicsTests;
			sourceTree = "<group>";
		};
		4161D7F027A371FE00191C83 /* NanoBusinessMechanicsUITests */ = {
			isa = PBXGroup;
			children = (
				4161D7F127A371FE00191C83 /* NanoBusinessMechanicsUITests.swift */,
				4161D7F327A371FE00191C83 /* NanoBusinessMechanicsUITestsLaunchTests.swift */,
			);
			path = NanoBusinessMechanicsUITests;
			sourceTree = "<group>";
		};
		41E6559027AAFDF800466D06 /* Controller */ = {
			isa = PBXGroup;
			children = (
				41E6559727AC4FD700466D06 /* GameCenterViewController.swift */,
				41842E4D27A72AE50092EF03 /* LevelViewController.swift */,
				4161D7D527A371FA00191C83 /* GameViewController.swift */,
				E8AE49F727AD99EF00943F0E /* StartViewController.swift */,
				E8AE49F927AD99FF00943F0E /* GameOverViewController.swift */,
			);
			path = Controller;
			sourceTree = "<group>";
		};
		41E6559127AAFE2E00466D06 /* Model */ = {
			isa = PBXGroup;
			children = (
				41E6559527AB7A5E00466D06 /* Grid.swift */,
				41E6558C27AA3D6500466D06 /* PieceFactory.swift */,
				41E6558E27AA40D400466D06 /* PieceNode.swift */,
				4161D80027A3757200191C83 /* Player.swift */,
				4161D80727A3A64E00191C83 /* Base.swift */,
				4161D80327A3759200191C83 /* Piece.swift */,
				41815EF827B0A6CF00D5ACA5 /* Cat.swift */,
				41815EFC27B0A74E00D5ACA5 /* Potion.swift */,
			);
			path = Model;
			sourceTree = "<group>";
		};
		41E6559227AAFE7E00466D06 /* Collection */ = {
			isa = PBXGroup;
			children = (
				41842E5127A736360092EF03 /* LevelCollectionViewCell.swift */,
			);
			path = Collection;
			sourceTree = "<group>";
		};
		535F9FC2328D8004D40A4D7D /* Pods */ = {
			isa = PBXGroup;
			children = (
				EDBB22CC8C4DE4017385F819 /* Pods-WOR - Witch On Rescue.debug.xcconfig */,
				894BAFF722D1E45F3E4465B3 /* Pods-WOR - Witch On Rescue.release.xcconfig */,
			);
			path = Pods;
			sourceTree = "<group>";
		};
		D2E5EC103972E7BC3103319E /* Frameworks */ = {
			isa = PBXGroup;
			children = (
				416ABA2827B1FEEA00CA9A83 /* FirebaseAnalytics.xcframework */,
				416ABA2A27B1FEEA00CA9A83 /* FirebaseCore.framework */,
				416ABA2C27B1FEEA00CA9A83 /* FirebaseCoreDiagnostics.framework */,
				416ABA2E27B1FEEA00CA9A83 /* FirebaseCrashlytics.framework */,
				416ABA3027B1FEEA00CA9A83 /* FirebaseInstallations.framework */,
				416ABA3227B1FEEA00CA9A83 /* GoogleAppMeasurement.xcframework */,
				416ABA3427B1FEEA00CA9A83 /* GoogleAppMeasurementIdentitySupport.xcframework */,
				416ABA3627B1FEEA00CA9A83 /* GoogleDataTransport.framework */,
				416ABA3827B1FEEA00CA9A83 /* GoogleMobileAds.xcframework */,
				416ABA3A27B1FEEA00CA9A83 /* GoogleUtilities.framework */,
				416ABA3C27B1FEEA00CA9A83 /* nanopb.framework */,
				416ABA3E27B1FEEA00CA9A83 /* Pods_WOR___Witch_On_RescueTests.framework */,
				416ABA4027B1FEEA00CA9A83 /* FBLPromises.framework */,
				416ABA4227B1FEEA00CA9A83 /* UserMessagingPlatform.xcframework */,
				48BE499C75446687DE6B8DC3 /* Pods_WOR___Witch_On_Rescue.framework */,
			);
			name = Frameworks;
			sourceTree = "<group>";
		};
/* End PBXGroup section */

/* Begin PBXNativeTarget section */
		4161D7C927A371F900191C83 /* WOR - Witch On Rescue */ = {
			isa = PBXNativeTarget;
			buildConfigurationList = 4161D7F727A371FE00191C83 /* Build configuration list for PBXNativeTarget "WOR - Witch On Rescue" */;
			buildPhases = (
				584729F8D1059BC90A3C4B95 /* [CP] Check Pods Manifest.lock */,
				4161D7C627A371F900191C83 /* Sources */,
				4161D7C727A371F900191C83 /* Frameworks */,
				4161D7C827A371F900191C83 /* Resources */,
				868BA57254DA1EB06121C98D /* [CP] Embed Pods Frameworks */,
				416ABA4827B2168100CA9A83 /* ShellScript */,
			);
			buildRules = (
			);
			dependencies = (
			);
			name = "WOR - Witch On Rescue";
			productName = NanoBusinessMechanics;
			productReference = 4161D7CA27A371FA00191C83 /* WOR - Witch On Rescue .app */;
			productType = "com.apple.product-type.application";
		};
		4161D7E227A371FD00191C83 /* WOR - Witch On RescueTests */ = {
			isa = PBXNativeTarget;
			buildConfigurationList = 4161D7FA27A371FE00191C83 /* Build configuration list for PBXNativeTarget "WOR - Witch On RescueTests" */;
			buildPhases = (
				4161D7DF27A371FD00191C83 /* Sources */,
				4161D7E027A371FD00191C83 /* Frameworks */,
				4161D7E127A371FD00191C83 /* Resources */,
			);
			buildRules = (
			);
			dependencies = (
				4161D7E527A371FD00191C83 /* PBXTargetDependency */,
			);
			name = "WOR - Witch On RescueTests";
			productName = NanoBusinessMechanicsTests;
			productReference = 4161D7E327A371FD00191C83 /* WOR - Witch On RescueTests.xctest */;
			productType = "com.apple.product-type.bundle.unit-test";
		};
		4161D7EC27A371FE00191C83 /* WOR - Witch On RescueUITests */ = {
			isa = PBXNativeTarget;
			buildConfigurationList = 4161D7FD27A371FE00191C83 /* Build configuration list for PBXNativeTarget "WOR - Witch On RescueUITests" */;
			buildPhases = (
				4161D7E927A371FE00191C83 /* Sources */,
				4161D7EA27A371FE00191C83 /* Frameworks */,
				4161D7EB27A371FE00191C83 /* Resources */,
			);
			buildRules = (
			);
			dependencies = (
				4161D7EF27A371FE00191C83 /* PBXTargetDependency */,
			);
			name = "WOR - Witch On RescueUITests";
			productName = NanoBusinessMechanicsUITests;
			productReference = 4161D7ED27A371FE00191C83 /* WOR - Witch On RescueUITests.xctest */;
			productType = "com.apple.product-type.bundle.ui-testing";
		};
/* End PBXNativeTarget section */

/* Begin PBXProject section */
		4161D7C227A371F900191C83 /* Project object */ = {
			isa = PBXProject;
			attributes = {
				BuildIndependentTargetsInParallel = 1;
				LastSwiftUpdateCheck = 1320;
				LastUpgradeCheck = 1320;
				TargetAttributes = {
					4161D7C927A371F900191C83 = {
						CreatedOnToolsVersion = 13.2.1;
						LastSwiftMigration = 1320;
					};
					4161D7E227A371FD00191C83 = {
						CreatedOnToolsVersion = 13.2.1;
						TestTargetID = 4161D7C927A371F900191C83;
					};
					4161D7EC27A371FE00191C83 = {
						CreatedOnToolsVersion = 13.2.1;
						TestTargetID = 4161D7C927A371F900191C83;
					};
				};
			};
			buildConfigurationList = 4161D7C527A371F900191C83 /* Build configuration list for PBXProject "WOR - Witch On Rescue" */;
			compatibilityVersion = "Xcode 13.0";
			developmentRegion = en;
			hasScannedForEncodings = 0;
			knownRegions = (
				en,
				Base,
			);
			mainGroup = 4161D7C127A371F900191C83;
			productRefGroup = 4161D7CB27A371FA00191C83 /* Products */;
			projectDirPath = "";
			projectRoot = "";
			targets = (
				4161D7C927A371F900191C83 /* WOR - Witch On Rescue */,
				4161D7E227A371FD00191C83 /* WOR - Witch On RescueTests */,
				4161D7EC27A371FE00191C83 /* WOR - Witch On RescueUITests */,
			);
		};
/* End PBXProject section */

/* Begin PBXResourcesBuildPhase section */
		4161D7C827A371F900191C83 /* Resources */ = {
			isa = PBXResourcesBuildPhase;
			buildActionMask = 2147483647;
			files = (
				4161D7D927A371FA00191C83 /* Main.storyboard in Resources */,
				41815EFF27B1D47D00D5ACA5 /* GoogleService-Info.plist in Resources */,
				41E6558927A9BD4000466D06 /* TileMapScene.sks in Resources */,
				4161D7D027A371FA00191C83 /* GameScene.sks in Resources */,
				4161D7DB27A371FD00191C83 /* Assets.xcassets in Resources */,
				41E6558B27A9BFC000466D06 /* TileSet.sks in Resources */,
				4161D7DE27A371FD00191C83 /* LaunchScreen.storyboard in Resources */,
				4161D7D227A371FA00191C83 /* Actions.sks in Resources */,
			);
			runOnlyForDeploymentPostprocessing = 0;
		};
		4161D7E127A371FD00191C83 /* Resources */ = {
			isa = PBXResourcesBuildPhase;
			buildActionMask = 2147483647;
			files = (
			);
			runOnlyForDeploymentPostprocessing = 0;
		};
		4161D7EB27A371FE00191C83 /* Resources */ = {
			isa = PBXResourcesBuildPhase;
			buildActionMask = 2147483647;
			files = (
			);
			runOnlyForDeploymentPostprocessing = 0;
		};
/* End PBXResourcesBuildPhase section */

/* Begin PBXShellScriptBuildPhase section */
		416ABA4827B2168100CA9A83 /* ShellScript */ = {
			isa = PBXShellScriptBuildPhase;
			buildActionMask = 2147483647;
			files = (
			);
			inputFileListPaths = (
			);
			inputPaths = (
				"${DWARF_DSYM_FOLDER_PATH}/${DWARF_DSYM_FILE_NAME}/Contents/Resources/DWARF/${TARGET_NAME}",
				"$(SRCROOT)/$(BUILT_PRODUCTS_DIR)/$(INFOPLIST_PATH)",
			);
			outputFileListPaths = (
			);
			outputPaths = (
			);
			runOnlyForDeploymentPostprocessing = 0;
			shellPath = /bin/sh;
			shellScript = "\"${PODS_ROOT}/FirebaseCrashlytics/run\"\n";
		};
		584729F8D1059BC90A3C4B95 /* [CP] Check Pods Manifest.lock */ = {
			isa = PBXShellScriptBuildPhase;
			buildActionMask = 2147483647;
			files = (
			);
			inputFileListPaths = (
			);
			inputPaths = (
				"${PODS_PODFILE_DIR_PATH}/Podfile.lock",
				"${PODS_ROOT}/Manifest.lock",
			);
			name = "[CP] Check Pods Manifest.lock";
			outputFileListPaths = (
			);
			outputPaths = (
				"$(DERIVED_FILE_DIR)/Pods-WOR - Witch On Rescue-checkManifestLockResult.txt",
			);
			runOnlyForDeploymentPostprocessing = 0;
			shellPath = /bin/sh;
			shellScript = "diff \"${PODS_PODFILE_DIR_PATH}/Podfile.lock\" \"${PODS_ROOT}/Manifest.lock\" > /dev/null\nif [ $? != 0 ] ; then\n    # print error to STDERR\n    echo \"error: The sandbox is not in sync with the Podfile.lock. Run 'pod install' or update your CocoaPods installation.\" >&2\n    exit 1\nfi\n# This output is used by Xcode 'outputs' to avoid re-running this script phase.\necho \"SUCCESS\" > \"${SCRIPT_OUTPUT_FILE_0}\"\n";
			showEnvVarsInLog = 0;
		};
		868BA57254DA1EB06121C98D /* [CP] Embed Pods Frameworks */ = {
			isa = PBXShellScriptBuildPhase;
			buildActionMask = 2147483647;
			files = (
			);
			inputFileListPaths = (
				"${PODS_ROOT}/Target Support Files/Pods-WOR - Witch On Rescue/Pods-WOR - Witch On Rescue-frameworks-${CONFIGURATION}-input-files.xcfilelist",
			);
			name = "[CP] Embed Pods Frameworks";
			outputFileListPaths = (
				"${PODS_ROOT}/Target Support Files/Pods-WOR - Witch On Rescue/Pods-WOR - Witch On Rescue-frameworks-${CONFIGURATION}-output-files.xcfilelist",
			);
			runOnlyForDeploymentPostprocessing = 0;
			shellPath = /bin/sh;
			shellScript = "\"${PODS_ROOT}/Target Support Files/Pods-WOR - Witch On Rescue/Pods-WOR - Witch On Rescue-frameworks.sh\"\n";
			showEnvVarsInLog = 0;
		};
/* End PBXShellScriptBuildPhase section */

/* Begin PBXSourcesBuildPhase section */
		4161D7C627A371F900191C83 /* Sources */ = {
			isa = PBXSourcesBuildPhase;
			buildActionMask = 2147483647;
			files = (
				41E6558F27AA40D400466D06 /* PieceNode.swift in Sources */,
				4161D80127A3757200191C83 /* Player.swift in Sources */,
				41815EFD27B0A74E00D5ACA5 /* Potion.swift in Sources */,
				41E6559827AC4FD700466D06 /* GameCenterViewController.swift in Sources */,
				41E6559427AB51FE00466D06 /* GameCenterManager.swift in Sources */,
				4161D7D427A371FA00191C83 /* GameScene.swift in Sources */,
				41E6558D27AA3D6500466D06 /* PieceFactory.swift in Sources */,
				41842E4E27A72AE50092EF03 /* LevelViewController.swift in Sources */,
				E8AE49FA27AD99FF00943F0E /* GameOverViewController.swift in Sources */,
				4161D80427A3759200191C83 /* Piece.swift in Sources */,
				41E6559627AB7A5E00466D06 /* Grid.swift in Sources */,
				E8AE49F827AD99EF00943F0E /* StartViewController.swift in Sources */,
				416ABA4527B20FB400CA9A83 /* AnalyticsManager.swift in Sources */,
				4161D7D627A371FA00191C83 /* GameViewController.swift in Sources */,
				41842E5027A72CDB0092EF03 /* Configurations.swift in Sources */,
				4161D80A27A3AD6200191C83 /* SpriteKit+.swift in Sources */,
				416ABA4727B2127800CA9A83 /* SampleClass.swift in Sources */,
				4161D80827A3A64F00191C83 /* Base.swift in Sources */,
				41815EF927B0A6CF00D5ACA5 /* Cat.swift in Sources */,
				41842E5227A736360092EF03 /* LevelCollectionViewCell.swift in Sources */,
				4161D7CE27A371FA00191C83 /* AppDelegate.swift in Sources */,
			);
			runOnlyForDeploymentPostprocessing = 0;
		};
		4161D7DF27A371FD00191C83 /* Sources */ = {
			isa = PBXSourcesBuildPhase;
			buildActionMask = 2147483647;
			files = (
				4161D7E827A371FD00191C83 /* NanoBusinessMechanicsTests.swift in Sources */,
			);
			runOnlyForDeploymentPostprocessing = 0;
		};
		4161D7E927A371FE00191C83 /* Sources */ = {
			isa = PBXSourcesBuildPhase;
			buildActionMask = 2147483647;
			files = (
				4161D7F427A371FE00191C83 /* NanoBusinessMechanicsUITestsLaunchTests.swift in Sources */,
				4161D7F227A371FE00191C83 /* NanoBusinessMechanicsUITests.swift in Sources */,
			);
			runOnlyForDeploymentPostprocessing = 0;
		};
/* End PBXSourcesBuildPhase section */

/* Begin PBXTargetDependency section */
		4161D7E527A371FD00191C83 /* PBXTargetDependency */ = {
			isa = PBXTargetDependency;
			target = 4161D7C927A371F900191C83 /* WOR - Witch On Rescue */;
			targetProxy = 4161D7E427A371FD00191C83 /* PBXContainerItemProxy */;
		};
		4161D7EF27A371FE00191C83 /* PBXTargetDependency */ = {
			isa = PBXTargetDependency;
			target = 4161D7C927A371F900191C83 /* WOR - Witch On Rescue */;
			targetProxy = 4161D7EE27A371FE00191C83 /* PBXContainerItemProxy */;
		};
/* End PBXTargetDependency section */

/* Begin PBXVariantGroup section */
		4161D7D727A371FA00191C83 /* Main.storyboard */ = {
			isa = PBXVariantGroup;
			children = (
				4161D7D827A371FA00191C83 /* Base */,
			);
			name = Main.storyboard;
			sourceTree = "<group>";
		};
		4161D7DC27A371FD00191C83 /* LaunchScreen.storyboard */ = {
			isa = PBXVariantGroup;
			children = (
				4161D7DD27A371FD00191C83 /* Base */,
			);
			name = LaunchScreen.storyboard;
			sourceTree = "<group>";
		};
/* End PBXVariantGroup section */

/* Begin XCBuildConfiguration section */
		4161D7F527A371FE00191C83 /* Debug */ = {
			isa = XCBuildConfiguration;
			buildSettings = {
				ALWAYS_SEARCH_USER_PATHS = NO;
				CLANG_ANALYZER_NONNULL = YES;
				CLANG_ANALYZER_NUMBER_OBJECT_CONVERSION = YES_AGGRESSIVE;
				CLANG_CXX_LANGUAGE_STANDARD = "gnu++17";
				CLANG_CXX_LIBRARY = "libc++";
				CLANG_ENABLE_MODULES = YES;
				CLANG_ENABLE_OBJC_ARC = YES;
				CLANG_ENABLE_OBJC_WEAK = YES;
				CLANG_WARN_BLOCK_CAPTURE_AUTORELEASING = YES;
				CLANG_WARN_BOOL_CONVERSION = YES;
				CLANG_WARN_COMMA = YES;
				CLANG_WARN_CONSTANT_CONVERSION = YES;
				CLANG_WARN_DEPRECATED_OBJC_IMPLEMENTATIONS = YES;
				CLANG_WARN_DIRECT_OBJC_ISA_USAGE = YES_ERROR;
				CLANG_WARN_DOCUMENTATION_COMMENTS = YES;
				CLANG_WARN_EMPTY_BODY = YES;
				CLANG_WARN_ENUM_CONVERSION = YES;
				CLANG_WARN_INFINITE_RECURSION = YES;
				CLANG_WARN_INT_CONVERSION = YES;
				CLANG_WARN_NON_LITERAL_NULL_CONVERSION = YES;
				CLANG_WARN_OBJC_IMPLICIT_RETAIN_SELF = YES;
				CLANG_WARN_OBJC_LITERAL_CONVERSION = YES;
				CLANG_WARN_OBJC_ROOT_CLASS = YES_ERROR;
				CLANG_WARN_QUOTED_INCLUDE_IN_FRAMEWORK_HEADER = YES;
				CLANG_WARN_RANGE_LOOP_ANALYSIS = YES;
				CLANG_WARN_STRICT_PROTOTYPES = YES;
				CLANG_WARN_SUSPICIOUS_MOVE = YES;
				CLANG_WARN_UNGUARDED_AVAILABILITY = YES_AGGRESSIVE;
				CLANG_WARN_UNREACHABLE_CODE = YES;
				CLANG_WARN__DUPLICATE_METHOD_MATCH = YES;
				COPY_PHASE_STRIP = NO;
				DEBUG_INFORMATION_FORMAT = dwarf;
				ENABLE_STRICT_OBJC_MSGSEND = YES;
				ENABLE_TESTABILITY = YES;
				GCC_C_LANGUAGE_STANDARD = gnu11;
				GCC_DYNAMIC_NO_PIC = NO;
				GCC_NO_COMMON_BLOCKS = YES;
				GCC_OPTIMIZATION_LEVEL = 0;
				GCC_PREPROCESSOR_DEFINITIONS = (
					"DEBUG=1",
					"$(inherited)",
				);
				GCC_WARN_64_TO_32_BIT_CONVERSION = YES;
				GCC_WARN_ABOUT_RETURN_TYPE = YES_ERROR;
				GCC_WARN_UNDECLARED_SELECTOR = YES;
				GCC_WARN_UNINITIALIZED_AUTOS = YES_AGGRESSIVE;
				GCC_WARN_UNUSED_FUNCTION = YES;
				GCC_WARN_UNUSED_VARIABLE = YES;
				IPHONEOS_DEPLOYMENT_TARGET = 15.2;
				MTL_ENABLE_DEBUG_INFO = INCLUDE_SOURCE;
				MTL_FAST_MATH = YES;
				ONLY_ACTIVE_ARCH = YES;
				SDKROOT = iphoneos;
				SWIFT_ACTIVE_COMPILATION_CONDITIONS = DEBUG;
				SWIFT_OPTIMIZATION_LEVEL = "-Onone";
			};
			name = Debug;
		};
		4161D7F627A371FE00191C83 /* Release */ = {
			isa = XCBuildConfiguration;
			buildSettings = {
				ALWAYS_SEARCH_USER_PATHS = NO;
				CLANG_ANALYZER_NONNULL = YES;
				CLANG_ANALYZER_NUMBER_OBJECT_CONVERSION = YES_AGGRESSIVE;
				CLANG_CXX_LANGUAGE_STANDARD = "gnu++17";
				CLANG_CXX_LIBRARY = "libc++";
				CLANG_ENABLE_MODULES = YES;
				CLANG_ENABLE_OBJC_ARC = YES;
				CLANG_ENABLE_OBJC_WEAK = YES;
				CLANG_WARN_BLOCK_CAPTURE_AUTORELEASING = YES;
				CLANG_WARN_BOOL_CONVERSION = YES;
				CLANG_WARN_COMMA = YES;
				CLANG_WARN_CONSTANT_CONVERSION = YES;
				CLANG_WARN_DEPRECATED_OBJC_IMPLEMENTATIONS = YES;
				CLANG_WARN_DIRECT_OBJC_ISA_USAGE = YES_ERROR;
				CLANG_WARN_DOCUMENTATION_COMMENTS = YES;
				CLANG_WARN_EMPTY_BODY = YES;
				CLANG_WARN_ENUM_CONVERSION = YES;
				CLANG_WARN_INFINITE_RECURSION = YES;
				CLANG_WARN_INT_CONVERSION = YES;
				CLANG_WARN_NON_LITERAL_NULL_CONVERSION = YES;
				CLANG_WARN_OBJC_IMPLICIT_RETAIN_SELF = YES;
				CLANG_WARN_OBJC_LITERAL_CONVERSION = YES;
				CLANG_WARN_OBJC_ROOT_CLASS = YES_ERROR;
				CLANG_WARN_QUOTED_INCLUDE_IN_FRAMEWORK_HEADER = YES;
				CLANG_WARN_RANGE_LOOP_ANALYSIS = YES;
				CLANG_WARN_STRICT_PROTOTYPES = YES;
				CLANG_WARN_SUSPICIOUS_MOVE = YES;
				CLANG_WARN_UNGUARDED_AVAILABILITY = YES_AGGRESSIVE;
				CLANG_WARN_UNREACHABLE_CODE = YES;
				CLANG_WARN__DUPLICATE_METHOD_MATCH = YES;
				COPY_PHASE_STRIP = NO;
				DEBUG_INFORMATION_FORMAT = "dwarf-with-dsym";
				ENABLE_NS_ASSERTIONS = NO;
				ENABLE_STRICT_OBJC_MSGSEND = YES;
				GCC_C_LANGUAGE_STANDARD = gnu11;
				GCC_NO_COMMON_BLOCKS = YES;
				GCC_WARN_64_TO_32_BIT_CONVERSION = YES;
				GCC_WARN_ABOUT_RETURN_TYPE = YES_ERROR;
				GCC_WARN_UNDECLARED_SELECTOR = YES;
				GCC_WARN_UNINITIALIZED_AUTOS = YES_AGGRESSIVE;
				GCC_WARN_UNUSED_FUNCTION = YES;
				GCC_WARN_UNUSED_VARIABLE = YES;
				IPHONEOS_DEPLOYMENT_TARGET = 15.2;
				MTL_ENABLE_DEBUG_INFO = NO;
				MTL_FAST_MATH = YES;
				SDKROOT = iphoneos;
				SWIFT_COMPILATION_MODE = wholemodule;
				SWIFT_OPTIMIZATION_LEVEL = "-O";
				VALIDATE_PRODUCT = YES;
			};
			name = Release;
		};
		4161D7F827A371FE00191C83 /* Debug */ = {
			isa = XCBuildConfiguration;
			baseConfigurationReference = EDBB22CC8C4DE4017385F819 /* Pods-WOR - Witch On Rescue.debug.xcconfig */;
			buildSettings = {
				ASSETCATALOG_COMPILER_APPICON_NAME = AppIcon;
				ASSETCATALOG_COMPILER_GLOBAL_ACCENT_COLOR_NAME = AccentColor;
				CLANG_ENABLE_MODULES = YES;
				CODE_SIGN_STYLE = Automatic;
				CURRENT_PROJECT_VERSION = 2;
				DEBUG_INFORMATION_FORMAT = "dwarf-with-dsym";
				DEVELOPMENT_TEAM = U77829B9P3;
				GENERATE_INFOPLIST_FILE = YES;
				INFOPLIST_KEY_UIApplicationSupportsIndirectInputEvents = YES;
				INFOPLIST_KEY_UILaunchStoryboardName = LaunchScreen;
				INFOPLIST_KEY_UIMainStoryboardFile = Main;
				INFOPLIST_KEY_UIStatusBarHidden = YES;
				INFOPLIST_KEY_UISupportedInterfaceOrientations_iPad = "UIInterfaceOrientationPortrait UIInterfaceOrientationPortraitUpsideDown UIInterfaceOrientationLandscapeLeft UIInterfaceOrientationLandscapeRight";
				INFOPLIST_KEY_UISupportedInterfaceOrientations_iPhone = "UIInterfaceOrientationPortrait UIInterfaceOrientationLandscapeLeft UIInterfaceOrientationLandscapeRight";
				LD_RUNPATH_SEARCH_PATHS = (
					"$(inherited)",
					"@executable_path/Frameworks",
				);
				MARKETING_VERSION = 1.0;
				PRODUCT_BUNDLE_IDENTIFIER = br.com.daneonishi.NanoBusiness;
				PRODUCT_NAME = "WOR - Witch On Rescue ";
				SWIFT_EMIT_LOC_STRINGS = YES;
				SWIFT_OBJC_BRIDGING_HEADER = "WOR - Witch On Rescue/Controller/WOR - Witch On Rescue-Bridging-Header.h";
				SWIFT_OPTIMIZATION_LEVEL = "-Onone";
				SWIFT_VERSION = 5.0;
				TARGETED_DEVICE_FAMILY = "1,2";
			};
			name = Debug;
		};
		4161D7F927A371FE00191C83 /* Release */ = {
			isa = XCBuildConfiguration;
			baseConfigurationReference = 894BAFF722D1E45F3E4465B3 /* Pods-WOR - Witch On Rescue.release.xcconfig */;
			buildSettings = {
				ASSETCATALOG_COMPILER_APPICON_NAME = AppIcon;
				ASSETCATALOG_COMPILER_GLOBAL_ACCENT_COLOR_NAME = AccentColor;
				CLANG_ENABLE_MODULES = YES;
				CODE_SIGN_STYLE = Automatic;
				CURRENT_PROJECT_VERSION = 2;
				DEVELOPMENT_TEAM = U77829B9P3;
				GENERATE_INFOPLIST_FILE = YES;
				INFOPLIST_KEY_UIApplicationSupportsIndirectInputEvents = YES;
				INFOPLIST_KEY_UILaunchStoryboardName = LaunchScreen;
				INFOPLIST_KEY_UIMainStoryboardFile = Main;
				INFOPLIST_KEY_UIStatusBarHidden = YES;
				INFOPLIST_KEY_UISupportedInterfaceOrientations_iPad = "UIInterfaceOrientationPortrait UIInterfaceOrientationPortraitUpsideDown UIInterfaceOrientationLandscapeLeft UIInterfaceOrientationLandscapeRight";
				INFOPLIST_KEY_UISupportedInterfaceOrientations_iPhone = "UIInterfaceOrientationPortrait UIInterfaceOrientationLandscapeLeft UIInterfaceOrientationLandscapeRight";
				LD_RUNPATH_SEARCH_PATHS = (
					"$(inherited)",
					"@executable_path/Frameworks",
				);
				MARKETING_VERSION = 1.0;
				PRODUCT_BUNDLE_IDENTIFIER = br.com.daneonishi.NanoBusiness;
				PRODUCT_NAME = "WOR - Witch On Rescue";
				SWIFT_EMIT_LOC_STRINGS = YES;
				SWIFT_OBJC_BRIDGING_HEADER = "WOR - Witch On Rescue/Controller/WOR - Witch On Rescue-Bridging-Header.h";
				SWIFT_VERSION = 5.0;
				TARGETED_DEVICE_FAMILY = "1,2";
			};
			name = Release;
		};
		4161D7FB27A371FE00191C83 /* Debug */ = {
			isa = XCBuildConfiguration;
			buildSettings = {
				ALWAYS_EMBED_SWIFT_STANDARD_LIBRARIES = YES;
				BUNDLE_LOADER = "$(TEST_HOST)";
				CODE_SIGN_STYLE = Automatic;
				CURRENT_PROJECT_VERSION = 1;
				DEVELOPMENT_TEAM = U77829B9P3;
				GENERATE_INFOPLIST_FILE = YES;
				IPHONEOS_DEPLOYMENT_TARGET = 15.2;
				MARKETING_VERSION = 1.0;
				PRODUCT_BUNDLE_IDENTIFIER = br.com.daneonishi.NanoBusinessMechanicsTests;
				PRODUCT_NAME = "$(TARGET_NAME)";
				SWIFT_EMIT_LOC_STRINGS = NO;
				SWIFT_VERSION = 5.0;
				TARGETED_DEVICE_FAMILY = "1,2";
				TEST_HOST = "$(BUILT_PRODUCTS_DIR)/WOR - Witch On Rescue.app/WOR - Witch On Rescue";
			};
			name = Debug;
		};
		4161D7FC27A371FE00191C83 /* Release */ = {
			isa = XCBuildConfiguration;
			buildSettings = {
				ALWAYS_EMBED_SWIFT_STANDARD_LIBRARIES = YES;
				BUNDLE_LOADER = "$(TEST_HOST)";
				CODE_SIGN_STYLE = Automatic;
				CURRENT_PROJECT_VERSION = 1;
				DEVELOPMENT_TEAM = U77829B9P3;
				GENERATE_INFOPLIST_FILE = YES;
				IPHONEOS_DEPLOYMENT_TARGET = 15.2;
				MARKETING_VERSION = 1.0;
				PRODUCT_BUNDLE_IDENTIFIER = br.com.daneonishi.NanoBusinessMechanicsTests;
				PRODUCT_NAME = "$(TARGET_NAME)";
				SWIFT_EMIT_LOC_STRINGS = NO;
				SWIFT_VERSION = 5.0;
				TARGETED_DEVICE_FAMILY = "1,2";
				TEST_HOST = "$(BUILT_PRODUCTS_DIR)/WOR - Witch On Rescue.app/WOR - Witch On Rescue";
			};
			name = Release;
		};
		4161D7FE27A371FE00191C83 /* Debug */ = {
			isa = XCBuildConfiguration;
			buildSettings = {
				ALWAYS_EMBED_SWIFT_STANDARD_LIBRARIES = YES;
				CODE_SIGN_STYLE = Automatic;
				CURRENT_PROJECT_VERSION = 1;
				DEVELOPMENT_TEAM = U77829B9P3;
				GENERATE_INFOPLIST_FILE = YES;
				MARKETING_VERSION = 1.0;
				PRODUCT_BUNDLE_IDENTIFIER = br.com.daneonishi.NanoBusinessMechanicsUITests;
				PRODUCT_NAME = "$(TARGET_NAME)";
				SWIFT_EMIT_LOC_STRINGS = NO;
				SWIFT_VERSION = 5.0;
				TARGETED_DEVICE_FAMILY = "1,2";
				TEST_TARGET_NAME = NanoBusinessMechanics;
			};
			name = Debug;
		};
		4161D7FF27A371FE00191C83 /* Release */ = {
			isa = XCBuildConfiguration;
			buildSettings = {
				ALWAYS_EMBED_SWIFT_STANDARD_LIBRARIES = YES;
				CODE_SIGN_STYLE = Automatic;
				CURRENT_PROJECT_VERSION = 1;
				DEVELOPMENT_TEAM = U77829B9P3;
				GENERATE_INFOPLIST_FILE = YES;
				MARKETING_VERSION = 1.0;
				PRODUCT_BUNDLE_IDENTIFIER = br.com.daneonishi.NanoBusinessMechanicsUITests;
				PRODUCT_NAME = "$(TARGET_NAME)";
				SWIFT_EMIT_LOC_STRINGS = NO;
				SWIFT_VERSION = 5.0;
				TARGETED_DEVICE_FAMILY = "1,2";
				TEST_TARGET_NAME = NanoBusinessMechanics;
			};
			name = Release;
		};
/* End XCBuildConfiguration section */

/* Begin XCConfigurationList section */
		4161D7C527A371F900191C83 /* Build configuration list for PBXProject "WOR - Witch On Rescue" */ = {
			isa = XCConfigurationList;
			buildConfigurations = (
				4161D7F527A371FE00191C83 /* Debug */,
				4161D7F627A371FE00191C83 /* Release */,
			);
			defaultConfigurationIsVisible = 0;
			defaultConfigurationName = Release;
		};
		4161D7F727A371FE00191C83 /* Build configuration list for PBXNativeTarget "WOR - Witch On Rescue" */ = {
			isa = XCConfigurationList;
			buildConfigurations = (
				4161D7F827A371FE00191C83 /* Debug */,
				4161D7F927A371FE00191C83 /* Release */,
			);
			defaultConfigurationIsVisible = 0;
			defaultConfigurationName = Release;
		};
		4161D7FA27A371FE00191C83 /* Build configuration list for PBXNativeTarget "WOR - Witch On RescueTests" */ = {
			isa = XCConfigurationList;
			buildConfigurations = (
				4161D7FB27A371FE00191C83 /* Debug */,
				4161D7FC27A371FE00191C83 /* Release */,
			);
			defaultConfigurationIsVisible = 0;
			defaultConfigurationName = Release;
		};
		4161D7FD27A371FE00191C83 /* Build configuration list for PBXNativeTarget "WOR - Witch On RescueUITests" */ = {
			isa = XCConfigurationList;
			buildConfigurations = (
				4161D7FE27A371FE00191C83 /* Debug */,
				4161D7FF27A371FE00191C83 /* Release */,
			);
			defaultConfigurationIsVisible = 0;
			defaultConfigurationName = Release;
		};
/* End XCConfigurationList section */
	};
	rootObject = 4161D7C227A371F900191C83 /* Project object */;
}
